<?xml version="1.0" encoding="utf-8"?>
<Project ToolsVersion="4.0" xmlns="http://schemas.microsoft.com/developer/msbuild/2003">
  <ItemGroup>
    <Filter Include="Source Files">
      <UniqueIdentifier>{4FC737F1-C7A5-4376-A066-2A32D752A2FF}</UniqueIdentifier>
      <Extensions>cpp;cxx;c;def</Extensions>
    </Filter>
    <Filter Include="Header Files">
      <UniqueIdentifier>{93995380-89BD-4b04-88EB-625FBE52EBFB}</UniqueIdentifier>
      <Extensions>h</Extensions>
    </Filter>
    <Filter Include="Form Files">
      <UniqueIdentifier>{99349809-55BA-4b9d-BF79-8FDBB0286EB3}</UniqueIdentifier>
      <Extensions>ui</Extensions>
    </Filter>
    <Filter Include="Resource Files">
      <UniqueIdentifier>{D9D6E242-F8AF-46E4-B9FD-80ECBC20BA3E}</UniqueIdentifier>
      <Extensions>qrc;*</Extensions>
      <ParseFiles>false</ParseFiles>
    </Filter>
    <Filter Include="Generated Files">
      <UniqueIdentifier>{71ED8ED8-ACB9-4CE9-BBE1-E00B30144E11}</UniqueIdentifier>
      <Extensions>moc;h;cpp</Extensions>
      <SourceControlFiles>False</SourceControlFiles>
    </Filter>
    <Filter Include="Generated Files\Debug">
      <UniqueIdentifier>{3b33c92c-ee63-453d-9bd6-e4c0a97dca30}</UniqueIdentifier>
      <Extensions>cpp;moc</Extensions>
      <SourceControlFiles>False</SourceControlFiles>
    </Filter>
    <Filter Include="Generated Files\Release">
      <UniqueIdentifier>{66055e03-4fb0-4304-9951-67f1f2719425}</UniqueIdentifier>
      <Extensions>cpp;moc</Extensions>
      <SourceControlFiles>False</SourceControlFiles>
    </Filter>
    <Filter Include="Translation Files">
      <UniqueIdentifier>{639EADAA-A684-42e4-A9AD-28FC9BCB8F7C}</UniqueIdentifier>
      <Extensions>ts</Extensions>
      <ParseFiles>false</ParseFiles>
    </Filter>
    <Filter Include="Header Files\CSF">
      <UniqueIdentifier>{6205e807-c19f-42d3-8efa-e30c365a37dd}</UniqueIdentifier>
    </Filter>
  </ItemGroup>
  <ItemGroup>
    <ClCompile Include="main.cpp">
      <Filter>Source Files</Filter>
    </ClCompile>
    <ClCompile Include="cloudviewer.cpp">
      <Filter>Source Files</Filter>
    </ClCompile>
    <ClCompile Include="AboutWin.cpp">
      <Filter>Source Files</Filter>
    </ClCompile>
    <ClCompile Include="Tools.cpp">
      <Filter>Source Files</Filter>
    </ClCompile>
    <ClCompile Include="MyCloud.cpp">
      <Filter>Source Files</Filter>
    </ClCompile>
    <ClCompile Include="QsCSFLvBo.cpp">
      <Filter>Source Files</Filter>
    </ClCompile>
    <ClCompile Include="Cloth.cpp">
      <Filter>Header Files\CSF</Filter>
    </ClCompile>
    <ClCompile Include="Cloud2CloudDist.cpp">
      <Filter>Header Files\CSF</Filter>
    </ClCompile>
    <ClCompile Include="CSF.cpp">
      <Filter>Header Files\CSF</Filter>
    </ClCompile>
    <ClCompile Include="Particle.cpp">
      <Filter>Header Files\CSF</Filter>
    </ClCompile>
    <ClCompile Include="Rasterization.cpp">
      <Filter>Header Files\CSF</Filter>
    </ClCompile>
    <ClCompile Include="GeneratedFiles\Debug\moc_AboutWin.cpp">
      <Filter>Source Files</Filter>
    </ClCompile>
    <ClCompile Include="GeneratedFiles\Debug\moc_cloudviewer.cpp">
      <Filter>Source Files</Filter>
    </ClCompile>
    <ClCompile Include="GeneratedFiles\qrc_cloudviewer.cpp">
      <Filter>Source Files</Filter>
    </ClCompile>
    <ClCompile Include="QsNorPcloud.cpp">
      <Filter>Source Files</Filter>
    </ClCompile>
    <ClCompile Include="QsConvertFormat.cpp">
      <Filter>Source Files</Filter>
    </ClCompile>
    <ClCompile Include="QsCreateCHM.cpp">
      <Filter>Source Files</Filter>
    </ClCompile>
    <ClCompile Include="QsCreateDEM.cpp">
      <Filter>Source Files</Filter>
    </ClCompile>
    <ClCompile Include="QsCreateDSM.cpp">
      <Filter>Source Files</Filter>
    </ClCompile>
    <ClCompile Include="QsPCloudIO.cpp">
      <Filter>Source Files</Filter>
    </ClCompile>
    <ClCompile Include="QsTreeShow.cpp">
      <Filter>Source Files</Filter>
    </ClCompile>
    <ClCompile Include="QsTree.cpp">
      <Filter>Source Files</Filter>
    </ClCompile>
  </ItemGroup>
  <ItemGroup>
    <QtMoc Include="cloudviewer.h">
      <Filter>Header Files</Filter>
    </QtMoc>
    <QtUic Include="cloudviewer.ui">
      <Filter>Form Files</Filter>
    </QtUic>
    <QtRcc Include="cloudviewer.qrc">
      <Filter>Resource Files</Filter>
    </QtRcc>
    <QtUic Include="AboutWin.ui">
      <Filter>Form Files</Filter>
    </QtUic>
    <QtMoc Include="AboutWin.h">
      <Filter>Header Files</Filter>
    </QtMoc>
    <QtMoc Include="QsCSFLvBo.h">
      <Filter>Header Files</Filter>
    </QtMoc>
    <QtMoc Include="QsNorPcloud.h">
      <Filter>Header Files</Filter>
    </QtMoc>
    <QtMoc Include="QsConvertFormat.h">
      <Filter>Header Files</Filter>
    </QtMoc>
    <QtMoc Include="QsCreateCHM.h">
      <Filter>Header Files</Filter>
    </QtMoc>
    <QtMoc Include="QsCreateDEM.h">
      <Filter>Header Files</Filter>
    </QtMoc>
    <QtMoc Include="QsCreateDSM.h">
      <Filter>Header Files</Filter>
    </QtMoc>
    <QtMoc Include="QsTreeShow.h">
      <Filter>Header Files</Filter>
    </QtMoc>
  </ItemGroup>
  <ItemGroup>
    <ClInclude Include="GeneratedFiles\ui_cloudviewer.h">
      <Filter>Generated Files</Filter>
    </ClInclude>
    <ClInclude Include="GBK.h">
      <Filter>Header Files</Filter>
    </ClInclude>
    <ClInclude Include="Tools.h">
      <Filter>Header Files</Filter>
    </ClInclude>
    <ClInclude Include="MyCloud.h">
      <Filter>Header Files</Filter>
    </ClInclude>
    <ClInclude Include="Cloth.h">
      <Filter>Header Files\CSF</Filter>
    </ClInclude>
    <ClInclude Include="Cloud2CloudDist.h">
      <Filter>Header Files\CSF</Filter>
    </ClInclude>
    <ClInclude Include="CSF.h">
      <Filter>Header Files\CSF</Filter>
    </ClInclude>
    <ClInclude Include="Particle.h">
      <Filter>Header Files\CSF</Filter>
    </ClInclude>
    <ClInclude Include="PointCloud.h">
      <Filter>Header Files\CSF</Filter>
    </ClInclude>
    <ClInclude Include="Rasterization.h">
      <Filter>Header Files\CSF</Filter>
    </ClInclude>
    <ClInclude Include="Vec3.h">
      <Filter>Header Files\CSF</Filter>
    </ClInclude>
    <ClInclude Include="GeneratedFiles\ui_AboutWin.h">
      <Filter>Header Files</Filter>
    </ClInclude>
    <ClInclude Include="QsPCloudIO.h">
      <Filter>Header Files</Filter>
    </ClInclude>
    <ClInclude Include="QsTree.h">
      <Filter>Header Files</Filter>
    </ClInclude>
  </ItemGroup>
  <ItemGroup>
    <None Include="cloudviewer_en.ts">
      <Filter>Translation Files</Filter>
    </None>
    <None Include="cloudviewer_zh.ts">
      <Filter>Translation Files</Filter>
    </None>
    <None Include="x64\Debug\CloudViewer.pdb" />
    <None Include="x64\Debug\geotiff.dll" />
    <None Include="x64\Debug\libtiff.dll" />
    <None Include="x64\Debug\vc141.pdb" />
    <None Include="x64\Debug\vc141.idb" />
  </ItemGroup>
  <ItemGroup>
    <Text Include="Debug\CloudViewer.log" />
    <Text Include="x64\Debug\CloudViewer.Build.CppClean.log" />
    <Text Include="x64\Debug\CloudViewer.log" />
    <Text Include="x64\Debug\qt_work.log" />
  </ItemGroup>
  <ItemGroup>
    <Object Include="x64\Debug\moc_QsCSFLvBo.obj" />
    <Object Include="x64\Debug\moc_cloudviewer.obj" />
    <Object Include="x64\Debug\AboutWin.obj" />
    <Object Include="x64\Debug\Cloud2CloudDist.obj" />
    <Object Include="x64\Debug\Cloth.obj" />
    <Object Include="x64\Debug\cloudviewer.obj" />
    <Object Include="x64\Debug\CSF.obj" />
    <Object Include="x64\Debug\main.obj" />
    <Object Include="x64\Debug\moc_AboutWin.obj" />
    <Object Include="x64\Debug\MyCloud.obj" />
    <Object Include="x64\Debug\Particle.obj" />
    <Object Include="x64\Debug\qrc_cloudviewer.obj" />
    <Object Include="x64\Debug\QsCSFLvBo.obj" />
    <Object Include="x64\Debug\Rasterization.obj" />
    <Object Include="x64\Debug\Tools.obj" />
  </ItemGroup>
</Project>